// !$*UTF8*$!
{
	archiveVersion = 1;
	classes = {
	};
	objectVersion = 46;
	objects = {

/* Begin PBXBuildFile section */
		4D784AFA183D72D1007FB05A /* Foundation.framework in Frameworks */ = {isa = PBXBuildFile; fileRef = 4D784AF9183D72D1007FB05A /* Foundation.framework */; };
		4D784AFC183D72D1007FB05A /* CoreGraphics.framework in Frameworks */ = {isa = PBXBuildFile; fileRef = 4D784AFB183D72D1007FB05A /* CoreGraphics.framework */; };
		4D784AFE183D72D1007FB05A /* UIKit.framework in Frameworks */ = {isa = PBXBuildFile; fileRef = 4D784AFD183D72D1007FB05A /* UIKit.framework */; };
		4D784B04183D72D1007FB05A /* InfoPlist.strings in Resources */ = {isa = PBXBuildFile; fileRef = 4D784B02183D72D1007FB05A /* InfoPlist.strings */; };
		4D784B06183D72D1007FB05A /* main.m in Sources */ = {isa = PBXBuildFile; fileRef = 4D784B05183D72D1007FB05A /* main.m */; };
		4D784B0A183D72D1007FB05A /* BPPAppDelegate.m in Sources */ = {isa = PBXBuildFile; fileRef = 4D784B09183D72D1007FB05A /* BPPAppDelegate.m */; };
		4D784B0D183D72D1007FB05A /* Main.storyboard in Resources */ = {isa = PBXBuildFile; fileRef = 4D784B0B183D72D1007FB05A /* Main.storyboard */; };
		4D784B10183D72D1007FB05A /* BPPMainViewController.m in Sources */ = {isa = PBXBuildFile; fileRef = 4D784B0F183D72D1007FB05A /* BPPMainViewController.m */; };
		4D784B15183D72D1007FB05A /* Images.xcassets in Resources */ = {isa = PBXBuildFile; fileRef = 4D784B14183D72D1007FB05A /* Images.xcassets */; };
		4D784B1C183D72D1007FB05A /* XCTest.framework in Frameworks */ = {isa = PBXBuildFile; fileRef = 4D784B1B183D72D1007FB05A /* XCTest.framework */; };
		4D784B1D183D72D1007FB05A /* Foundation.framework in Frameworks */ = {isa = PBXBuildFile; fileRef = 4D784AF9183D72D1007FB05A /* Foundation.framework */; };
		4D784B1E183D72D1007FB05A /* UIKit.framework in Frameworks */ = {isa = PBXBuildFile; fileRef = 4D784AFD183D72D1007FB05A /* UIKit.framework */; };
		4D784B26183D72D1007FB05A /* InfoPlist.strings in Resources */ = {isa = PBXBuildFile; fileRef = 4D784B24183D72D1007FB05A /* InfoPlist.strings */; };
		4D784B28183D72D1007FB05A /* PhotoPadTests.m in Sources */ = {isa = PBXBuildFile; fileRef = 4D784B27183D72D1007FB05A /* PhotoPadTests.m */; };
		4D784B72183D7319007FB05A /* DDData.m in Sources */ = {isa = PBXBuildFile; fileRef = 4D784B36183D7319007FB05A /* DDData.m */; };
		4D784B73183D7319007FB05A /* DDNumber.m in Sources */ = {isa = PBXBuildFile; fileRef = 4D784B38183D7319007FB05A /* DDNumber.m */; };
		4D784B74183D7319007FB05A /* DDRange.m in Sources */ = {isa = PBXBuildFile; fileRef = 4D784B3A183D7319007FB05A /* DDRange.m */; };
		4D784B75183D7319007FB05A /* HTTPAuthenticationRequest.m in Sources */ = {isa = PBXBuildFile; fileRef = 4D784B3C183D7319007FB05A /* HTTPAuthenticationRequest.m */; };
		4D784B76183D7319007FB05A /* HTTPConnection.m in Sources */ = {isa = PBXBuildFile; fileRef = 4D784B3E183D7319007FB05A /* HTTPConnection.m */; };
		4D784B77183D7319007FB05A /* HTTPMessage.m in Sources */ = {isa = PBXBuildFile; fileRef = 4D784B41183D7319007FB05A /* HTTPMessage.m */; };
		4D784B78183D7319007FB05A /* HTTPServer.m in Sources */ = {isa = PBXBuildFile; fileRef = 4D784B44183D7319007FB05A /* HTTPServer.m */; };
		4D784B79183D7319007FB05A /* MultipartFormDataParser.m in Sources */ = {isa = PBXBuildFile; fileRef = 4D784B47183D7319007FB05A /* MultipartFormDataParser.m */; };
		4D784B7A183D7319007FB05A /* MultipartMessageHeader.m in Sources */ = {isa = PBXBuildFile; fileRef = 4D784B49183D7319007FB05A /* MultipartMessageHeader.m */; };
		4D784B7B183D7319007FB05A /* MultipartMessageHeaderField.m in Sources */ = {isa = PBXBuildFile; fileRef = 4D784B4B183D7319007FB05A /* MultipartMessageHeaderField.m */; };
		4D784B7C183D7319007FB05A /* HTTPAsyncFileResponse.m in Sources */ = {isa = PBXBuildFile; fileRef = 4D784B4E183D7319007FB05A /* HTTPAsyncFileResponse.m */; };
		4D784B7D183D7319007FB05A /* HTTPDataResponse.m in Sources */ = {isa = PBXBuildFile; fileRef = 4D784B50183D7319007FB05A /* HTTPDataResponse.m */; };
		4D784B7E183D7319007FB05A /* HTTPDynamicFileResponse.m in Sources */ = {isa = PBXBuildFile; fileRef = 4D784B52183D7319007FB05A /* HTTPDynamicFileResponse.m */; };
		4D784B7F183D7319007FB05A /* HTTPErrorResponse.m in Sources */ = {isa = PBXBuildFile; fileRef = 4D784B54183D7319007FB05A /* HTTPErrorResponse.m */; };
		4D784B80183D7319007FB05A /* HTTPFileResponse.m in Sources */ = {isa = PBXBuildFile; fileRef = 4D784B56183D7319007FB05A /* HTTPFileResponse.m */; };
		4D784B81183D7319007FB05A /* HTTPRedirectResponse.m in Sources */ = {isa = PBXBuildFile; fileRef = 4D784B58183D7319007FB05A /* HTTPRedirectResponse.m */; };
		4D784B82183D7319007FB05A /* WebSocket.m in Sources */ = {isa = PBXBuildFile; fileRef = 4D784B5A183D7319007FB05A /* WebSocket.m */; };
		4D784B84183D7319007FB05A /* GCDAsyncSocket.m in Sources */ = {isa = PBXBuildFile; fileRef = 4D784B5F183D7319007FB05A /* GCDAsyncSocket.m */; };
		4D784B86183D7319007FB05A /* DDAbstractDatabaseLogger.m in Sources */ = {isa = PBXBuildFile; fileRef = 4D784B63183D7319007FB05A /* DDAbstractDatabaseLogger.m */; };
		4D784B87183D7319007FB05A /* DDASLLogger.m in Sources */ = {isa = PBXBuildFile; fileRef = 4D784B65183D7319007FB05A /* DDASLLogger.m */; };
		4D784B88183D7319007FB05A /* DDFileLogger.m in Sources */ = {isa = PBXBuildFile; fileRef = 4D784B67183D7319007FB05A /* DDFileLogger.m */; };
		4D784B89183D7319007FB05A /* DDLog.m in Sources */ = {isa = PBXBuildFile; fileRef = 4D784B69183D7319007FB05A /* DDLog.m */; };
		4D784B8A183D7319007FB05A /* DDTTYLogger.m in Sources */ = {isa = PBXBuildFile; fileRef = 4D784B6B183D7319007FB05A /* DDTTYLogger.m */; };
		4D784B8B183D7319007FB05A /* ContextFilterLogFormatter.m in Sources */ = {isa = PBXBuildFile; fileRef = 4D784B6E183D7319007FB05A /* ContextFilterLogFormatter.m */; };
		4D784B8C183D7319007FB05A /* DispatchQueueLogFormatter.m in Sources */ = {isa = PBXBuildFile; fileRef = 4D784B70183D7319007FB05A /* DispatchQueueLogFormatter.m */; };
		4D784B90183D7348007FB05A /* BPPEyeFiConnector.m in Sources */ = {isa = PBXBuildFile; fileRef = 4D784B8F183D7348007FB05A /* BPPEyeFiConnector.m */; };
		8627C8E71841573D00DA239D /* MTStatusBarOverlay.m in Sources */ = {isa = PBXBuildFile; fileRef = 8627C8E61841573D00DA239D /* MTStatusBarOverlay.m */; };
		863ED8A1183D973200AB7A6A /* BPPEyeFiResponseParse.m in Sources */ = {isa = PBXBuildFile; fileRef = 863ED8A0183D973200AB7A6A /* BPPEyeFiResponseParse.m */; };
		863ED8A3183DAC7800AB7A6A /* Settings.bundle in Resources */ = {isa = PBXBuildFile; fileRef = 863ED8A2183DAC7800AB7A6A /* Settings.bundle */; };
		863ED8A6183DB66000AB7A6A /* UIColor+Hex.m in Sources */ = {isa = PBXBuildFile; fileRef = 863ED8A5183DB66000AB7A6A /* UIColor+Hex.m */; };
		863ED8A8183EC90000AB7A6A /* StartSession.xml in Resources */ = {isa = PBXBuildFile; fileRef = 863ED8A7183EC90000AB7A6A /* StartSession.xml */; };
		863ED8B5183EF60200AB7A6A /* NSString+Hex.m in Sources */ = {isa = PBXBuildFile; fileRef = 863ED8B4183EF60200AB7A6A /* NSString+Hex.m */; };
		863ED8C0183F087A00AB7A6A /* NSData+MD5.m in Sources */ = {isa = PBXBuildFile; fileRef = 863ED8BD183F087A00AB7A6A /* NSData+MD5.m */; };
		863ED8C1183F087A00AB7A6A /* NSString+MD5.m in Sources */ = {isa = PBXBuildFile; fileRef = 863ED8BF183F087A00AB7A6A /* NSString+MD5.m */; };
		863ED8C3183F0BBA00AB7A6A /* GetPhotoStatus.xml in Resources */ = {isa = PBXBuildFile; fileRef = 863ED8C2183F0BBA00AB7A6A /* GetPhotoStatus.xml */; };
		863ED8C5183F1FEA00AB7A6A /* UploadPhoto.xml in Resources */ = {isa = PBXBuildFile; fileRef = 863ED8C4183F1FEA00AB7A6A /* UploadPhoto.xml */; };
		863ED8D51840395000AB7A6A /* MessageUI.framework in Frameworks */ = {isa = PBXBuildFile; fileRef = 863ED8D41840395000AB7A6A /* MessageUI.framework */; };
		863ED8D71840395700AB7A6A /* QuartzCore.framework in Frameworks */ = {isa = PBXBuildFile; fileRef = 863ED8D61840395700AB7A6A /* QuartzCore.framework */; };
		863ED8D91840395E00AB7A6A /* AssetsLibrary.framework in Frameworks */ = {isa = PBXBuildFile; fileRef = 863ED8D81840395E00AB7A6A /* AssetsLibrary.framework */; };
		863ED8DB1840396600AB7A6A /* ImageIO.framework in Frameworks */ = {isa = PBXBuildFile; fileRef = 863ED8DA1840396600AB7A6A /* ImageIO.framework */; };
		863ED91B18403D1700AB7A6A /* MWCaptionView.m in Sources */ = {isa = PBXBuildFile; fileRef = 863ED8E218403D1700AB7A6A /* MWCaptionView.m */; };
		863ED91C18403D1700AB7A6A /* MWPhoto.m in Sources */ = {isa = PBXBuildFile; fileRef = 863ED8E518403D1700AB7A6A /* MWPhoto.m */; };
		863ED91D18403D1700AB7A6A /* MWPhotoBrowser.m in Sources */ = {isa = PBXBuildFile; fileRef = 863ED8E718403D1700AB7A6A /* MWPhotoBrowser.m */; };
		863ED91E18403D1700AB7A6A /* MWTapDetectingImageView.m in Sources */ = {isa = PBXBuildFile; fileRef = 863ED8EA18403D1700AB7A6A /* MWTapDetectingImageView.m */; };
		863ED91F18403D1700AB7A6A /* MWTapDetectingView.m in Sources */ = {isa = PBXBuildFile; fileRef = 863ED8EC18403D1700AB7A6A /* MWTapDetectingView.m */; };
		863ED92018403D1700AB7A6A /* MWZoomingScrollView.m in Sources */ = {isa = PBXBuildFile; fileRef = 863ED8EE18403D1700AB7A6A /* MWZoomingScrollView.m */; };
		863ED92118403D1700AB7A6A /* DACircularProgressView.m in Sources */ = {isa = PBXBuildFile; fileRef = 863ED8F218403D1700AB7A6A /* DACircularProgressView.m */; };
		863ED92218403D1700AB7A6A /* MBProgressHUD.m in Sources */ = {isa = PBXBuildFile; fileRef = 863ED8F518403D1700AB7A6A /* MBProgressHUD.m */; };
		863ED92618403D1700AB7A6A /* NSData+GIF.m in Sources */ = {isa = PBXBuildFile; fileRef = 863ED8FC18403D1700AB7A6A /* NSData+GIF.m */; };
		863ED92718403D1700AB7A6A /* SDImageCache.m in Sources */ = {isa = PBXBuildFile; fileRef = 863ED8FE18403D1700AB7A6A /* SDImageCache.m */; };
		863ED92818403D1700AB7A6A /* SDWebImageCompat.m in Sources */ = {isa = PBXBuildFile; fileRef = 863ED90018403D1700AB7A6A /* SDWebImageCompat.m */; };
		863ED92918403D1700AB7A6A /* SDWebImageDecoder.m in Sources */ = {isa = PBXBuildFile; fileRef = 863ED90218403D1700AB7A6A /* SDWebImageDecoder.m */; };
		863ED92A18403D1700AB7A6A /* SDWebImageDownloader.m in Sources */ = {isa = PBXBuildFile; fileRef = 863ED90418403D1700AB7A6A /* SDWebImageDownloader.m */; };
		863ED92B18403D1700AB7A6A /* SDWebImageDownloaderOperation.m in Sources */ = {isa = PBXBuildFile; fileRef = 863ED90618403D1700AB7A6A /* SDWebImageDownloaderOperation.m */; };
		863ED92C18403D1700AB7A6A /* SDWebImageManager.m in Sources */ = {isa = PBXBuildFile; fileRef = 863ED90818403D1700AB7A6A /* SDWebImageManager.m */; };
		863ED92D18403D1700AB7A6A /* SDWebImagePrefetcher.m in Sources */ = {isa = PBXBuildFile; fileRef = 863ED90B18403D1700AB7A6A /* SDWebImagePrefetcher.m */; };
		863ED92E18403D1700AB7A6A /* UIButton+WebCache.m in Sources */ = {isa = PBXBuildFile; fileRef = 863ED90D18403D1700AB7A6A /* UIButton+WebCache.m */; };
		863ED92F18403D1700AB7A6A /* UIImage+GIF.m in Sources */ = {isa = PBXBuildFile; fileRef = 863ED90F18403D1700AB7A6A /* UIImage+GIF.m */; };
		863ED93018403D1700AB7A6A /* UIImage+MultiFormat.m in Sources */ = {isa = PBXBuildFile; fileRef = 863ED91118403D1700AB7A6A /* UIImage+MultiFormat.m */; };
		863ED93118403D1700AB7A6A /* UIImage+WebP.m in Sources */ = {isa = PBXBuildFile; fileRef = 863ED91318403D1700AB7A6A /* UIImage+WebP.m */; };
		863ED93218403D1700AB7A6A /* UIImageView+WebCache.m in Sources */ = {isa = PBXBuildFile; fileRef = 863ED91518403D1700AB7A6A /* UIImageView+WebCache.m */; };
		863ED93318403D1700AB7A6A /* MWPhotoBrowser.bundle in Resources */ = {isa = PBXBuildFile; fileRef = 863ED91718403D1700AB7A6A /* MWPhotoBrowser.bundle */; };
		863ED9391840502100AB7A6A /* NSFileManager+Tar.m in Sources */ = {isa = PBXBuildFile; fileRef = 863ED9381840502100AB7A6A /* NSFileManager+Tar.m */; };
		863ED93C1840532500AB7A6A /* NSFileManager+EyeFi.m in Sources */ = {isa = PBXBuildFile; fileRef = 863ED93B1840532500AB7A6A /* NSFileManager+EyeFi.m */; };
		863ED9421840608900AB7A6A /* BPPGalleryCell.m in Sources */ = {isa = PBXBuildFile; fileRef = 863ED9411840608900AB7A6A /* BPPGalleryCell.m */; };
/* End PBXBuildFile section */

/* Begin PBXContainerItemProxy section */
		4D784B1F183D72D1007FB05A /* PBXContainerItemProxy */ = {
			isa = PBXContainerItemProxy;
			containerPortal = 4D784AEE183D72D0007FB05A /* Project object */;
			proxyType = 1;
			remoteGlobalIDString = 4D784AF5183D72D0007FB05A;
			remoteInfo = PhotoPad;
		};
/* End PBXContainerItemProxy section */

/* Begin PBXFileReference section */
		4D784AF6183D72D0007FB05A /* PhotoPad.app */ = {isa = PBXFileReference; explicitFileType = wrapper.application; includeInIndex = 0; path = PhotoPad.app; sourceTree = BUILT_PRODUCTS_DIR; };
		4D784AF9183D72D1007FB05A /* Foundation.framework */ = {isa = PBXFileReference; lastKnownFileType = wrapper.framework; name = Foundation.framework; path = System/Library/Frameworks/Foundation.framework; sourceTree = SDKROOT; };
		4D784AFB183D72D1007FB05A /* CoreGraphics.framework */ = {isa = PBXFileReference; lastKnownFileType = wrapper.framework; name = CoreGraphics.framework; path = System/Library/Frameworks/CoreGraphics.framework; sourceTree = SDKROOT; };
		4D784AFD183D72D1007FB05A /* UIKit.framework */ = {isa = PBXFileReference; lastKnownFileType = wrapper.framework; name = UIKit.framework; path = System/Library/Frameworks/UIKit.framework; sourceTree = SDKROOT; };
		4D784B01183D72D1007FB05A /* PhotoPad-Info.plist */ = {isa = PBXFileReference; lastKnownFileType = text.plist.xml; path = "PhotoPad-Info.plist"; sourceTree = "<group>"; };
		4D784B03183D72D1007FB05A /* en */ = {isa = PBXFileReference; lastKnownFileType = text.plist.strings; name = en; path = en.lproj/InfoPlist.strings; sourceTree = "<group>"; };
		4D784B05183D72D1007FB05A /* main.m */ = {isa = PBXFileReference; lastKnownFileType = sourcecode.c.objc; path = main.m; sourceTree = "<group>"; };
		4D784B07183D72D1007FB05A /* PhotoPad-Prefix.pch */ = {isa = PBXFileReference; lastKnownFileType = sourcecode.c.h; path = "PhotoPad-Prefix.pch"; sourceTree = "<group>"; };
		4D784B08183D72D1007FB05A /* BPPAppDelegate.h */ = {isa = PBXFileReference; lastKnownFileType = sourcecode.c.h; path = BPPAppDelegate.h; sourceTree = "<group>"; };
		4D784B09183D72D1007FB05A /* BPPAppDelegate.m */ = {isa = PBXFileReference; lastKnownFileType = sourcecode.c.objc; path = BPPAppDelegate.m; sourceTree = "<group>"; };
		4D784B0C183D72D1007FB05A /* Base */ = {isa = PBXFileReference; lastKnownFileType = file.storyboard; name = Base; path = Base.lproj/Main.storyboard; sourceTree = "<group>"; };
		4D784B0E183D72D1007FB05A /* BPPMainViewController.h */ = {isa = PBXFileReference; lastKnownFileType = sourcecode.c.h; path = BPPMainViewController.h; sourceTree = "<group>"; };
		4D784B0F183D72D1007FB05A /* BPPMainViewController.m */ = {isa = PBXFileReference; lastKnownFileType = sourcecode.c.objc; path = BPPMainViewController.m; sourceTree = "<group>"; };
		4D784B14183D72D1007FB05A /* Images.xcassets */ = {isa = PBXFileReference; lastKnownFileType = folder.assetcatalog; path = Images.xcassets; sourceTree = "<group>"; };
		4D784B1A183D72D1007FB05A /* PhotoPadTests.xctest */ = {isa = PBXFileReference; explicitFileType = wrapper.cfbundle; includeInIndex = 0; path = PhotoPadTests.xctest; sourceTree = BUILT_PRODUCTS_DIR; };
		4D784B1B183D72D1007FB05A /* XCTest.framework */ = {isa = PBXFileReference; lastKnownFileType = wrapper.framework; name = XCTest.framework; path = Library/Frameworks/XCTest.framework; sourceTree = DEVELOPER_DIR; };
		4D784B23183D72D1007FB05A /* PhotoPadTests-Info.plist */ = {isa = PBXFileReference; lastKnownFileType = text.plist.xml; path = "PhotoPadTests-Info.plist"; sourceTree = "<group>"; };
		4D784B25183D72D1007FB05A /* en */ = {isa = PBXFileReference; lastKnownFileType = text.plist.strings; name = en; path = en.lproj/InfoPlist.strings; sourceTree = "<group>"; };
		4D784B27183D72D1007FB05A /* PhotoPadTests.m */ = {isa = PBXFileReference; lastKnownFileType = sourcecode.c.objc; path = PhotoPadTests.m; sourceTree = "<group>"; };
		4D784B35183D7319007FB05A /* DDData.h */ = {isa = PBXFileReference; fileEncoding = 4; lastKnownFileType = sourcecode.c.h; path = DDData.h; sourceTree = "<group>"; };
		4D784B36183D7319007FB05A /* DDData.m */ = {isa = PBXFileReference; fileEncoding = 4; lastKnownFileType = sourcecode.c.objc; path = DDData.m; sourceTree = "<group>"; };
		4D784B37183D7319007FB05A /* DDNumber.h */ = {isa = PBXFileReference; fileEncoding = 4; lastKnownFileType = sourcecode.c.h; path = DDNumber.h; sourceTree = "<group>"; };
		4D784B38183D7319007FB05A /* DDNumber.m */ = {isa = PBXFileReference; fileEncoding = 4; lastKnownFileType = sourcecode.c.objc; path = DDNumber.m; sourceTree = "<group>"; };
		4D784B39183D7319007FB05A /* DDRange.h */ = {isa = PBXFileReference; fileEncoding = 4; lastKnownFileType = sourcecode.c.h; path = DDRange.h; sourceTree = "<group>"; };
		4D784B3A183D7319007FB05A /* DDRange.m */ = {isa = PBXFileReference; fileEncoding = 4; lastKnownFileType = sourcecode.c.objc; path = DDRange.m; sourceTree = "<group>"; };
		4D784B3B183D7319007FB05A /* HTTPAuthenticationRequest.h */ = {isa = PBXFileReference; fileEncoding = 4; lastKnownFileType = sourcecode.c.h; path = HTTPAuthenticationRequest.h; sourceTree = "<group>"; };
		4D784B3C183D7319007FB05A /* HTTPAuthenticationRequest.m */ = {isa = PBXFileReference; fileEncoding = 4; lastKnownFileType = sourcecode.c.objc; path = HTTPAuthenticationRequest.m; sourceTree = "<group>"; };
		4D784B3D183D7319007FB05A /* HTTPConnection.h */ = {isa = PBXFileReference; fileEncoding = 4; lastKnownFileType = sourcecode.c.h; path = HTTPConnection.h; sourceTree = "<group>"; };
		4D784B3E183D7319007FB05A /* HTTPConnection.m */ = {isa = PBXFileReference; fileEncoding = 4; lastKnownFileType = sourcecode.c.objc; path = HTTPConnection.m; sourceTree = "<group>"; };
		4D784B3F183D7319007FB05A /* HTTPLogging.h */ = {isa = PBXFileReference; fileEncoding = 4; lastKnownFileType = sourcecode.c.h; path = HTTPLogging.h; sourceTree = "<group>"; };
		4D784B40183D7319007FB05A /* HTTPMessage.h */ = {isa = PBXFileReference; fileEncoding = 4; lastKnownFileType = sourcecode.c.h; path = HTTPMessage.h; sourceTree = "<group>"; };
		4D784B41183D7319007FB05A /* HTTPMessage.m */ = {isa = PBXFileReference; fileEncoding = 4; lastKnownFileType = sourcecode.c.objc; path = HTTPMessage.m; sourceTree = "<group>"; };
		4D784B42183D7319007FB05A /* HTTPResponse.h */ = {isa = PBXFileReference; fileEncoding = 4; lastKnownFileType = sourcecode.c.h; path = HTTPResponse.h; sourceTree = "<group>"; };
		4D784B43183D7319007FB05A /* HTTPServer.h */ = {isa = PBXFileReference; fileEncoding = 4; lastKnownFileType = sourcecode.c.h; path = HTTPServer.h; sourceTree = "<group>"; };
		4D784B44183D7319007FB05A /* HTTPServer.m */ = {isa = PBXFileReference; fileEncoding = 4; lastKnownFileType = sourcecode.c.objc; path = HTTPServer.m; sourceTree = "<group>"; };
		4D784B46183D7319007FB05A /* MultipartFormDataParser.h */ = {isa = PBXFileReference; fileEncoding = 4; lastKnownFileType = sourcecode.c.h; path = MultipartFormDataParser.h; sourceTree = "<group>"; };
		4D784B47183D7319007FB05A /* MultipartFormDataParser.m */ = {isa = PBXFileReference; fileEncoding = 4; lastKnownFileType = sourcecode.c.objc; path = MultipartFormDataParser.m; sourceTree = "<group>"; };
		4D784B48183D7319007FB05A /* MultipartMessageHeader.h */ = {isa = PBXFileReference; fileEncoding = 4; lastKnownFileType = sourcecode.c.h; path = MultipartMessageHeader.h; sourceTree = "<group>"; };
		4D784B49183D7319007FB05A /* MultipartMessageHeader.m */ = {isa = PBXFileReference; fileEncoding = 4; lastKnownFileType = sourcecode.c.objc; path = MultipartMessageHeader.m; sourceTree = "<group>"; };
		4D784B4A183D7319007FB05A /* MultipartMessageHeaderField.h */ = {isa = PBXFileReference; fileEncoding = 4; lastKnownFileType = sourcecode.c.h; path = MultipartMessageHeaderField.h; sourceTree = "<group>"; };
		4D784B4B183D7319007FB05A /* MultipartMessageHeaderField.m */ = {isa = PBXFileReference; fileEncoding = 4; lastKnownFileType = sourcecode.c.objc; path = MultipartMessageHeaderField.m; sourceTree = "<group>"; };
		4D784B4D183D7319007FB05A /* HTTPAsyncFileResponse.h */ = {isa = PBXFileReference; fileEncoding = 4; lastKnownFileType = sourcecode.c.h; path = HTTPAsyncFileResponse.h; sourceTree = "<group>"; };
		4D784B4E183D7319007FB05A /* HTTPAsyncFileResponse.m */ = {isa = PBXFileReference; fileEncoding = 4; lastKnownFileType = sourcecode.c.objc; path = HTTPAsyncFileResponse.m; sourceTree = "<group>"; };
		4D784B4F183D7319007FB05A /* HTTPDataResponse.h */ = {isa = PBXFileReference; fileEncoding = 4; lastKnownFileType = sourcecode.c.h; path = HTTPDataResponse.h; sourceTree = "<group>"; };
		4D784B50183D7319007FB05A /* HTTPDataResponse.m */ = {isa = PBXFileReference; fileEncoding = 4; lastKnownFileType = sourcecode.c.objc; path = HTTPDataResponse.m; sourceTree = "<group>"; };
		4D784B51183D7319007FB05A /* HTTPDynamicFileResponse.h */ = {isa = PBXFileReference; fileEncoding = 4; lastKnownFileType = sourcecode.c.h; path = HTTPDynamicFileResponse.h; sourceTree = "<group>"; };
		4D784B52183D7319007FB05A /* HTTPDynamicFileResponse.m */ = {isa = PBXFileReference; fileEncoding = 4; lastKnownFileType = sourcecode.c.objc; path = HTTPDynamicFileResponse.m; sourceTree = "<group>"; };
		4D784B53183D7319007FB05A /* HTTPErrorResponse.h */ = {isa = PBXFileReference; fileEncoding = 4; lastKnownFileType = sourcecode.c.h; path = HTTPErrorResponse.h; sourceTree = "<group>"; };
		4D784B54183D7319007FB05A /* HTTPErrorResponse.m */ = {isa = PBXFileReference; fileEncoding = 4; lastKnownFileType = sourcecode.c.objc; path = HTTPErrorResponse.m; sourceTree = "<group>"; };
		4D784B55183D7319007FB05A /* HTTPFileResponse.h */ = {isa = PBXFileReference; fileEncoding = 4; lastKnownFileType = sourcecode.c.h; path = HTTPFileResponse.h; sourceTree = "<group>"; };
		4D784B56183D7319007FB05A /* HTTPFileResponse.m */ = {isa = PBXFileReference; fileEncoding = 4; lastKnownFileType = sourcecode.c.objc; path = HTTPFileResponse.m; sourceTree = "<group>"; };
		4D784B57183D7319007FB05A /* HTTPRedirectResponse.h */ = {isa = PBXFileReference; fileEncoding = 4; lastKnownFileType = sourcecode.c.h; path = HTTPRedirectResponse.h; sourceTree = "<group>"; };
		4D784B58183D7319007FB05A /* HTTPRedirectResponse.m */ = {isa = PBXFileReference; fileEncoding = 4; lastKnownFileType = sourcecode.c.objc; path = HTTPRedirectResponse.m; sourceTree = "<group>"; };
		4D784B59183D7319007FB05A /* WebSocket.h */ = {isa = PBXFileReference; fileEncoding = 4; lastKnownFileType = sourcecode.c.h; path = WebSocket.h; sourceTree = "<group>"; };
		4D784B5A183D7319007FB05A /* WebSocket.m */ = {isa = PBXFileReference; fileEncoding = 4; lastKnownFileType = sourcecode.c.objc; path = WebSocket.m; sourceTree = "<group>"; };
		4D784B5D183D7319007FB05A /* About.txt */ = {isa = PBXFileReference; fileEncoding = 4; lastKnownFileType = text; path = About.txt; sourceTree = "<group>"; };
		4D784B5E183D7319007FB05A /* GCDAsyncSocket.h */ = {isa = PBXFileReference; fileEncoding = 4; lastKnownFileType = sourcecode.c.h; path = GCDAsyncSocket.h; sourceTree = "<group>"; };
		4D784B5F183D7319007FB05A /* GCDAsyncSocket.m */ = {isa = PBXFileReference; fileEncoding = 4; lastKnownFileType = sourcecode.c.objc; path = GCDAsyncSocket.m; sourceTree = "<group>"; };
		4D784B61183D7319007FB05A /* About.txt */ = {isa = PBXFileReference; fileEncoding = 4; lastKnownFileType = text; path = About.txt; sourceTree = "<group>"; };
		4D784B62183D7319007FB05A /* DDAbstractDatabaseLogger.h */ = {isa = PBXFileReference; fileEncoding = 4; lastKnownFileType = sourcecode.c.h; path = DDAbstractDatabaseLogger.h; sourceTree = "<group>"; };
		4D784B63183D7319007FB05A /* DDAbstractDatabaseLogger.m */ = {isa = PBXFileReference; fileEncoding = 4; lastKnownFileType = sourcecode.c.objc; path = DDAbstractDatabaseLogger.m; sourceTree = "<group>"; };
		4D784B64183D7319007FB05A /* DDASLLogger.h */ = {isa = PBXFileReference; fileEncoding = 4; lastKnownFileType = sourcecode.c.h; path = DDASLLogger.h; sourceTree = "<group>"; };
		4D784B65183D7319007FB05A /* DDASLLogger.m */ = {isa = PBXFileReference; fileEncoding = 4; lastKnownFileType = sourcecode.c.objc; path = DDASLLogger.m; sourceTree = "<group>"; };
		4D784B66183D7319007FB05A /* DDFileLogger.h */ = {isa = PBXFileReference; fileEncoding = 4; lastKnownFileType = sourcecode.c.h; path = DDFileLogger.h; sourceTree = "<group>"; };
		4D784B67183D7319007FB05A /* DDFileLogger.m */ = {isa = PBXFileReference; fileEncoding = 4; lastKnownFileType = sourcecode.c.objc; path = DDFileLogger.m; sourceTree = "<group>"; };
		4D784B68183D7319007FB05A /* DDLog.h */ = {isa = PBXFileReference; fileEncoding = 4; lastKnownFileType = sourcecode.c.h; path = DDLog.h; sourceTree = "<group>"; };
		4D784B69183D7319007FB05A /* DDLog.m */ = {isa = PBXFileReference; fileEncoding = 4; lastKnownFileType = sourcecode.c.objc; path = DDLog.m; sourceTree = "<group>"; };
		4D784B6A183D7319007FB05A /* DDTTYLogger.h */ = {isa = PBXFileReference; fileEncoding = 4; lastKnownFileType = sourcecode.c.h; path = DDTTYLogger.h; sourceTree = "<group>"; };
		4D784B6B183D7319007FB05A /* DDTTYLogger.m */ = {isa = PBXFileReference; fileEncoding = 4; lastKnownFileType = sourcecode.c.objc; path = DDTTYLogger.m; sourceTree = "<group>"; };
		4D784B6D183D7319007FB05A /* ContextFilterLogFormatter.h */ = {isa = PBXFileReference; fileEncoding = 4; lastKnownFileType = sourcecode.c.h; path = ContextFilterLogFormatter.h; sourceTree = "<group>"; };
		4D784B6E183D7319007FB05A /* ContextFilterLogFormatter.m */ = {isa = PBXFileReference; fileEncoding = 4; lastKnownFileType = sourcecode.c.objc; path = ContextFilterLogFormatter.m; sourceTree = "<group>"; };
		4D784B6F183D7319007FB05A /* DispatchQueueLogFormatter.h */ = {isa = PBXFileReference; fileEncoding = 4; lastKnownFileType = sourcecode.c.h; path = DispatchQueueLogFormatter.h; sourceTree = "<group>"; };
		4D784B70183D7319007FB05A /* DispatchQueueLogFormatter.m */ = {isa = PBXFileReference; fileEncoding = 4; lastKnownFileType = sourcecode.c.objc; path = DispatchQueueLogFormatter.m; sourceTree = "<group>"; };
		4D784B71183D7319007FB05A /* README.txt */ = {isa = PBXFileReference; fileEncoding = 4; lastKnownFileType = text; path = README.txt; sourceTree = "<group>"; };
		4D784B8E183D7348007FB05A /* BPPEyeFiConnector.h */ = {isa = PBXFileReference; fileEncoding = 4; lastKnownFileType = sourcecode.c.h; path = BPPEyeFiConnector.h; sourceTree = "<group>"; };
		4D784B8F183D7348007FB05A /* BPPEyeFiConnector.m */ = {isa = PBXFileReference; fileEncoding = 4; lastKnownFileType = sourcecode.c.objc; path = BPPEyeFiConnector.m; sourceTree = "<group>"; };
		8627C8E51841573D00DA239D /* MTStatusBarOverlay.h */ = {isa = PBXFileReference; fileEncoding = 4; lastKnownFileType = sourcecode.c.h; path = MTStatusBarOverlay.h; sourceTree = "<group>"; };
		8627C8E61841573D00DA239D /* MTStatusBarOverlay.m */ = {isa = PBXFileReference; fileEncoding = 4; lastKnownFileType = sourcecode.c.objc; path = MTStatusBarOverlay.m; sourceTree = "<group>"; };
		863ED89F183D973200AB7A6A /* BPPEyeFiResponseParse.h */ = {isa = PBXFileReference; fileEncoding = 4; lastKnownFileType = sourcecode.c.h; path = BPPEyeFiResponseParse.h; sourceTree = "<group>"; };
		863ED8A0183D973200AB7A6A /* BPPEyeFiResponseParse.m */ = {isa = PBXFileReference; fileEncoding = 4; lastKnownFileType = sourcecode.c.objc; path = BPPEyeFiResponseParse.m; sourceTree = "<group>"; };
		863ED8A2183DAC7800AB7A6A /* Settings.bundle */ = {isa = PBXFileReference; lastKnownFileType = "wrapper.plug-in"; path = Settings.bundle; sourceTree = "<group>"; };
		863ED8A4183DB66000AB7A6A /* UIColor+Hex.h */ = {isa = PBXFileReference; fileEncoding = 4; lastKnownFileType = sourcecode.c.h; path = "UIColor+Hex.h"; sourceTree = "<group>"; };
		863ED8A5183DB66000AB7A6A /* UIColor+Hex.m */ = {isa = PBXFileReference; fileEncoding = 4; lastKnownFileType = sourcecode.c.objc; path = "UIColor+Hex.m"; sourceTree = "<group>"; };
		863ED8A7183EC90000AB7A6A /* StartSession.xml */ = {isa = PBXFileReference; fileEncoding = 4; lastKnownFileType = text.xml; name = StartSession.xml; path = Responses/StartSession.xml; sourceTree = "<group>"; };
		863ED8B3183EF60200AB7A6A /* NSString+Hex.h */ = {isa = PBXFileReference; fileEncoding = 4; lastKnownFileType = sourcecode.c.h; path = "NSString+Hex.h"; sourceTree = "<group>"; };
		863ED8B4183EF60200AB7A6A /* NSString+Hex.m */ = {isa = PBXFileReference; fileEncoding = 4; lastKnownFileType = sourcecode.c.objc; path = "NSString+Hex.m"; sourceTree = "<group>"; };
		863ED8BC183F087A00AB7A6A /* NSData+MD5.h */ = {isa = PBXFileReference; fileEncoding = 4; lastKnownFileType = sourcecode.c.h; path = "NSData+MD5.h"; sourceTree = "<group>"; };
		863ED8BD183F087A00AB7A6A /* NSData+MD5.m */ = {isa = PBXFileReference; fileEncoding = 4; lastKnownFileType = sourcecode.c.objc; path = "NSData+MD5.m"; sourceTree = "<group>"; };
		863ED8BE183F087A00AB7A6A /* NSString+MD5.h */ = {isa = PBXFileReference; fileEncoding = 4; lastKnownFileType = sourcecode.c.h; path = "NSString+MD5.h"; sourceTree = "<group>"; };
		863ED8BF183F087A00AB7A6A /* NSString+MD5.m */ = {isa = PBXFileReference; fileEncoding = 4; lastKnownFileType = sourcecode.c.objc; path = "NSString+MD5.m"; sourceTree = "<group>"; };
		863ED8C2183F0BBA00AB7A6A /* GetPhotoStatus.xml */ = {isa = PBXFileReference; fileEncoding = 4; lastKnownFileType = text.xml; name = GetPhotoStatus.xml; path = Responses/GetPhotoStatus.xml; sourceTree = "<group>"; };
		863ED8C4183F1FEA00AB7A6A /* UploadPhoto.xml */ = {isa = PBXFileReference; fileEncoding = 4; lastKnownFileType = text.xml; name = UploadPhoto.xml; path = Responses/UploadPhoto.xml; sourceTree = "<group>"; };
		863ED8D41840395000AB7A6A /* MessageUI.framework */ = {isa = PBXFileReference; lastKnownFileType = wrapper.framework; name = MessageUI.framework; path = System/Library/Frameworks/MessageUI.framework; sourceTree = SDKROOT; };
		863ED8D61840395700AB7A6A /* QuartzCore.framework */ = {isa = PBXFileReference; lastKnownFileType = wrapper.framework; name = QuartzCore.framework; path = System/Library/Frameworks/QuartzCore.framework; sourceTree = SDKROOT; };
		863ED8D81840395E00AB7A6A /* AssetsLibrary.framework */ = {isa = PBXFileReference; lastKnownFileType = wrapper.framework; name = AssetsLibrary.framework; path = System/Library/Frameworks/AssetsLibrary.framework; sourceTree = SDKROOT; };
		863ED8DA1840396600AB7A6A /* ImageIO.framework */ = {isa = PBXFileReference; lastKnownFileType = wrapper.framework; name = ImageIO.framework; path = System/Library/Frameworks/ImageIO.framework; sourceTree = SDKROOT; };
		863ED8E118403D1700AB7A6A /* MWCaptionView.h */ = {isa = PBXFileReference; fileEncoding = 4; lastKnownFileType = sourcecode.c.h; path = MWCaptionView.h; sourceTree = "<group>"; };
		863ED8E218403D1700AB7A6A /* MWCaptionView.m */ = {isa = PBXFileReference; fileEncoding = 4; lastKnownFileType = sourcecode.c.objc; path = MWCaptionView.m; sourceTree = "<group>"; };
		863ED8E318403D1700AB7A6A /* MWCommon.h */ = {isa = PBXFileReference; fileEncoding = 4; lastKnownFileType = sourcecode.c.h; path = MWCommon.h; sourceTree = "<group>"; };
		863ED8E418403D1700AB7A6A /* MWPhoto.h */ = {isa = PBXFileReference; fileEncoding = 4; lastKnownFileType = sourcecode.c.h; path = MWPhoto.h; sourceTree = "<group>"; };
		863ED8E518403D1700AB7A6A /* MWPhoto.m */ = {isa = PBXFileReference; fileEncoding = 4; lastKnownFileType = sourcecode.c.objc; path = MWPhoto.m; sourceTree = "<group>"; };
		863ED8E618403D1700AB7A6A /* MWPhotoBrowser.h */ = {isa = PBXFileReference; fileEncoding = 4; lastKnownFileType = sourcecode.c.h; path = MWPhotoBrowser.h; sourceTree = "<group>"; };
		863ED8E718403D1700AB7A6A /* MWPhotoBrowser.m */ = {isa = PBXFileReference; fileEncoding = 4; lastKnownFileType = sourcecode.c.objc; path = MWPhotoBrowser.m; sourceTree = "<group>"; };
		863ED8E818403D1700AB7A6A /* MWPhotoProtocol.h */ = {isa = PBXFileReference; fileEncoding = 4; lastKnownFileType = sourcecode.c.h; path = MWPhotoProtocol.h; sourceTree = "<group>"; };
		863ED8E918403D1700AB7A6A /* MWTapDetectingImageView.h */ = {isa = PBXFileReference; fileEncoding = 4; lastKnownFileType = sourcecode.c.h; path = MWTapDetectingImageView.h; sourceTree = "<group>"; };
		863ED8EA18403D1700AB7A6A /* MWTapDetectingImageView.m */ = {isa = PBXFileReference; fileEncoding = 4; lastKnownFileType = sourcecode.c.objc; path = MWTapDetectingImageView.m; sourceTree = "<group>"; };
		863ED8EB18403D1700AB7A6A /* MWTapDetectingView.h */ = {isa = PBXFileReference; fileEncoding = 4; lastKnownFileType = sourcecode.c.h; path = MWTapDetectingView.h; sourceTree = "<group>"; };
		863ED8EC18403D1700AB7A6A /* MWTapDetectingView.m */ = {isa = PBXFileReference; fileEncoding = 4; lastKnownFileType = sourcecode.c.objc; path = MWTapDetectingView.m; sourceTree = "<group>"; };
		863ED8ED18403D1700AB7A6A /* MWZoomingScrollView.h */ = {isa = PBXFileReference; fileEncoding = 4; lastKnownFileType = sourcecode.c.h; path = MWZoomingScrollView.h; sourceTree = "<group>"; };
		863ED8EE18403D1700AB7A6A /* MWZoomingScrollView.m */ = {isa = PBXFileReference; fileEncoding = 4; lastKnownFileType = sourcecode.c.objc; path = MWZoomingScrollView.m; sourceTree = "<group>"; };
		863ED8F118403D1700AB7A6A /* DACircularProgressView.h */ = {isa = PBXFileReference; fileEncoding = 4; lastKnownFileType = sourcecode.c.h; path = DACircularProgressView.h; sourceTree = "<group>"; };
		863ED8F218403D1700AB7A6A /* DACircularProgressView.m */ = {isa = PBXFileReference; fileEncoding = 4; lastKnownFileType = sourcecode.c.objc; path = DACircularProgressView.m; sourceTree = "<group>"; };
		863ED8F418403D1700AB7A6A /* MBProgressHUD.h */ = {isa = PBXFileReference; fileEncoding = 4; lastKnownFileType = sourcecode.c.h; path = MBProgressHUD.h; sourceTree = "<group>"; };
		863ED8F518403D1700AB7A6A /* MBProgressHUD.m */ = {isa = PBXFileReference; fileEncoding = 4; lastKnownFileType = sourcecode.c.objc; path = MBProgressHUD.m; sourceTree = "<group>"; };
		863ED8F618403D1700AB7A6A /* README.mdown */ = {isa = PBXFileReference; fileEncoding = 4; lastKnownFileType = text; path = README.mdown; sourceTree = "<group>"; };
		863ED8F818403D1700AB7A6A /* LICENSE */ = {isa = PBXFileReference; fileEncoding = 4; lastKnownFileType = text; path = LICENSE; sourceTree = "<group>"; };
		863ED8F918403D1700AB7A6A /* README.md */ = {isa = PBXFileReference; fileEncoding = 4; lastKnownFileType = text; path = README.md; sourceTree = "<group>"; };
		863ED8FB18403D1700AB7A6A /* NSData+GIF.h */ = {isa = PBXFileReference; fileEncoding = 4; lastKnownFileType = sourcecode.c.h; path = "NSData+GIF.h"; sourceTree = "<group>"; };
		863ED8FC18403D1700AB7A6A /* NSData+GIF.m */ = {isa = PBXFileReference; fileEncoding = 4; lastKnownFileType = sourcecode.c.objc; path = "NSData+GIF.m"; sourceTree = "<group>"; };
		863ED8FD18403D1700AB7A6A /* SDImageCache.h */ = {isa = PBXFileReference; fileEncoding = 4; lastKnownFileType = sourcecode.c.h; path = SDImageCache.h; sourceTree = "<group>"; };
		863ED8FE18403D1700AB7A6A /* SDImageCache.m */ = {isa = PBXFileReference; fileEncoding = 4; lastKnownFileType = sourcecode.c.objc; path = SDImageCache.m; sourceTree = "<group>"; };
		863ED8FF18403D1700AB7A6A /* SDWebImageCompat.h */ = {isa = PBXFileReference; fileEncoding = 4; lastKnownFileType = sourcecode.c.h; path = SDWebImageCompat.h; sourceTree = "<group>"; };
		863ED90018403D1700AB7A6A /* SDWebImageCompat.m */ = {isa = PBXFileReference; fileEncoding = 4; lastKnownFileType = sourcecode.c.objc; path = SDWebImageCompat.m; sourceTree = "<group>"; };
		863ED90118403D1700AB7A6A /* SDWebImageDecoder.h */ = {isa = PBXFileReference; fileEncoding = 4; lastKnownFileType = sourcecode.c.h; path = SDWebImageDecoder.h; sourceTree = "<group>"; };
		863ED90218403D1700AB7A6A /* SDWebImageDecoder.m */ = {isa = PBXFileReference; fileEncoding = 4; lastKnownFileType = sourcecode.c.objc; path = SDWebImageDecoder.m; sourceTree = "<group>"; };
		863ED90318403D1700AB7A6A /* SDWebImageDownloader.h */ = {isa = PBXFileReference; fileEncoding = 4; lastKnownFileType = sourcecode.c.h; path = SDWebImageDownloader.h; sourceTree = "<group>"; };
		863ED90418403D1700AB7A6A /* SDWebImageDownloader.m */ = {isa = PBXFileReference; fileEncoding = 4; lastKnownFileType = sourcecode.c.objc; path = SDWebImageDownloader.m; sourceTree = "<group>"; };
		863ED90518403D1700AB7A6A /* SDWebImageDownloaderOperation.h */ = {isa = PBXFileReference; fileEncoding = 4; lastKnownFileType = sourcecode.c.h; path = SDWebImageDownloaderOperation.h; sourceTree = "<group>"; };
		863ED90618403D1700AB7A6A /* SDWebImageDownloaderOperation.m */ = {isa = PBXFileReference; fileEncoding = 4; lastKnownFileType = sourcecode.c.objc; path = SDWebImageDownloaderOperation.m; sourceTree = "<group>"; };
		863ED90718403D1700AB7A6A /* SDWebImageManager.h */ = {isa = PBXFileReference; fileEncoding = 4; lastKnownFileType = sourcecode.c.h; path = SDWebImageManager.h; sourceTree = "<group>"; };
		863ED90818403D1700AB7A6A /* SDWebImageManager.m */ = {isa = PBXFileReference; fileEncoding = 4; lastKnownFileType = sourcecode.c.objc; path = SDWebImageManager.m; sourceTree = "<group>"; };
		863ED90918403D1700AB7A6A /* SDWebImageOperation.h */ = {isa = PBXFileReference; fileEncoding = 4; lastKnownFileType = sourcecode.c.h; path = SDWebImageOperation.h; sourceTree = "<group>"; };
		863ED90A18403D1700AB7A6A /* SDWebImagePrefetcher.h */ = {isa = PBXFileReference; fileEncoding = 4; lastKnownFileType = sourcecode.c.h; path = SDWebImagePrefetcher.h; sourceTree = "<group>"; };
		863ED90B18403D1700AB7A6A /* SDWebImagePrefetcher.m */ = {isa = PBXFileReference; fileEncoding = 4; lastKnownFileType = sourcecode.c.objc; path = SDWebImagePrefetcher.m; sourceTree = "<group>"; };
		863ED90C18403D1700AB7A6A /* UIButton+WebCache.h */ = {isa = PBXFileReference; fileEncoding = 4; lastKnownFileType = sourcecode.c.h; path = "UIButton+WebCache.h"; sourceTree = "<group>"; };
		863ED90D18403D1700AB7A6A /* UIButton+WebCache.m */ = {isa = PBXFileReference; fileEncoding = 4; lastKnownFileType = sourcecode.c.objc; path = "UIButton+WebCache.m"; sourceTree = "<group>"; };
		863ED90E18403D1700AB7A6A /* UIImage+GIF.h */ = {isa = PBXFileReference; fileEncoding = 4; lastKnownFileType = sourcecode.c.h; path = "UIImage+GIF.h"; sourceTree = "<group>"; };
		863ED90F18403D1700AB7A6A /* UIImage+GIF.m */ = {isa = PBXFileReference; fileEncoding = 4; lastKnownFileType = sourcecode.c.objc; path = "UIImage+GIF.m"; sourceTree = "<group>"; };
		863ED91018403D1700AB7A6A /* UIImage+MultiFormat.h */ = {isa = PBXFileReference; fileEncoding = 4; lastKnownFileType = sourcecode.c.h; path = "UIImage+MultiFormat.h"; sourceTree = "<group>"; };
		863ED91118403D1700AB7A6A /* UIImage+MultiFormat.m */ = {isa = PBXFileReference; fileEncoding = 4; lastKnownFileType = sourcecode.c.objc; path = "UIImage+MultiFormat.m"; sourceTree = "<group>"; };
		863ED91218403D1700AB7A6A /* UIImage+WebP.h */ = {isa = PBXFileReference; fileEncoding = 4; lastKnownFileType = sourcecode.c.h; path = "UIImage+WebP.h"; sourceTree = "<group>"; };
		863ED91318403D1700AB7A6A /* UIImage+WebP.m */ = {isa = PBXFileReference; fileEncoding = 4; lastKnownFileType = sourcecode.c.objc; path = "UIImage+WebP.m"; sourceTree = "<group>"; };
		863ED91418403D1700AB7A6A /* UIImageView+WebCache.h */ = {isa = PBXFileReference; fileEncoding = 4; lastKnownFileType = sourcecode.c.h; path = "UIImageView+WebCache.h"; sourceTree = "<group>"; };
		863ED91518403D1700AB7A6A /* UIImageView+WebCache.m */ = {isa = PBXFileReference; fileEncoding = 4; lastKnownFileType = sourcecode.c.objc; path = "UIImageView+WebCache.m"; sourceTree = "<group>"; };
		863ED91718403D1700AB7A6A /* MWPhotoBrowser.bundle */ = {isa = PBXFileReference; lastKnownFileType = "wrapper.plug-in"; path = MWPhotoBrowser.bundle; sourceTree = "<group>"; };
		863ED9371840502100AB7A6A /* NSFileManager+Tar.h */ = {isa = PBXFileReference; fileEncoding = 4; lastKnownFileType = sourcecode.c.h; path = "NSFileManager+Tar.h"; sourceTree = "<group>"; };
		863ED9381840502100AB7A6A /* NSFileManager+Tar.m */ = {isa = PBXFileReference; fileEncoding = 4; lastKnownFileType = sourcecode.c.objc; path = "NSFileManager+Tar.m"; sourceTree = "<group>"; };
		863ED93A1840532500AB7A6A /* NSFileManager+EyeFi.h */ = {isa = PBXFileReference; fileEncoding = 4; lastKnownFileType = sourcecode.c.h; path = "NSFileManager+EyeFi.h"; sourceTree = "<group>"; };
		863ED93B1840532500AB7A6A /* NSFileManager+EyeFi.m */ = {isa = PBXFileReference; fileEncoding = 4; lastKnownFileType = sourcecode.c.objc; path = "NSFileManager+EyeFi.m"; sourceTree = "<group>"; };
		863ED9401840608900AB7A6A /* BPPGalleryCell.h */ = {isa = PBXFileReference; fileEncoding = 4; lastKnownFileType = sourcecode.c.h; path = BPPGalleryCell.h; sourceTree = "<group>"; };
		863ED9411840608900AB7A6A /* BPPGalleryCell.m */ = {isa = PBXFileReference; fileEncoding = 4; lastKnownFileType = sourcecode.c.objc; path = BPPGalleryCell.m; sourceTree = "<group>"; };
/* End PBXFileReference section */

/* Begin PBXFrameworksBuildPhase section */
		4D784AF3183D72D0007FB05A /* Frameworks */ = {
			isa = PBXFrameworksBuildPhase;
			buildActionMask = 2147483647;
			files = (
				863ED8DB1840396600AB7A6A /* ImageIO.framework in Frameworks */,
				863ED8D91840395E00AB7A6A /* AssetsLibrary.framework in Frameworks */,
				863ED8D71840395700AB7A6A /* QuartzCore.framework in Frameworks */,
				863ED8D51840395000AB7A6A /* MessageUI.framework in Frameworks */,
				4D784AFC183D72D1007FB05A /* CoreGraphics.framework in Frameworks */,
				4D784AFE183D72D1007FB05A /* UIKit.framework in Frameworks */,
				4D784AFA183D72D1007FB05A /* Foundation.framework in Frameworks */,
			);
			runOnlyForDeploymentPostprocessing = 0;
		};
		4D784B17183D72D1007FB05A /* Frameworks */ = {
			isa = PBXFrameworksBuildPhase;
			buildActionMask = 2147483647;
			files = (
				4D784B1C183D72D1007FB05A /* XCTest.framework in Frameworks */,
				4D784B1E183D72D1007FB05A /* UIKit.framework in Frameworks */,
				4D784B1D183D72D1007FB05A /* Foundation.framework in Frameworks */,
			);
			runOnlyForDeploymentPostprocessing = 0;
		};
/* End PBXFrameworksBuildPhase section */

/* Begin PBXGroup section */
		4D784AED183D72D0007FB05A = {
			isa = PBXGroup;
			children = (
				4D784AFF183D72D1007FB05A /* PhotoPad */,
				4D784B31183D7303007FB05A /* External */,
				4D784B21183D72D1007FB05A /* PhotoPadTests */,
				4D784AF8183D72D0007FB05A /* Frameworks */,
				4D784AF7183D72D0007FB05A /* Products */,
			);
			sourceTree = "<group>";
		};
		4D784AF7183D72D0007FB05A /* Products */ = {
			isa = PBXGroup;
			children = (
				4D784AF6183D72D0007FB05A /* PhotoPad.app */,
				4D784B1A183D72D1007FB05A /* PhotoPadTests.xctest */,
			);
			name = Products;
			sourceTree = "<group>";
		};
		4D784AF8183D72D0007FB05A /* Frameworks */ = {
			isa = PBXGroup;
			children = (
				863ED8DA1840396600AB7A6A /* ImageIO.framework */,
				863ED8D81840395E00AB7A6A /* AssetsLibrary.framework */,
				863ED8D61840395700AB7A6A /* QuartzCore.framework */,
				863ED8D41840395000AB7A6A /* MessageUI.framework */,
				4D784AF9183D72D1007FB05A /* Foundation.framework */,
				4D784AFB183D72D1007FB05A /* CoreGraphics.framework */,
				4D784AFD183D72D1007FB05A /* UIKit.framework */,
				4D784B1B183D72D1007FB05A /* XCTest.framework */,
			);
			name = Frameworks;
			sourceTree = "<group>";
		};
		4D784AFF183D72D1007FB05A /* PhotoPad */ = {
			isa = PBXGroup;
			children = (
				4D784B08183D72D1007FB05A /* BPPAppDelegate.h */,
				4D784B09183D72D1007FB05A /* BPPAppDelegate.m */,
				4D784B8E183D7348007FB05A /* BPPEyeFiConnector.h */,
				4D784B8F183D7348007FB05A /* BPPEyeFiConnector.m */,
				863ED89F183D973200AB7A6A /* BPPEyeFiResponseParse.h */,
				863ED8A0183D973200AB7A6A /* BPPEyeFiResponseParse.m */,
				4D784B0B183D72D1007FB05A /* Main.storyboard */,
				4D784B0E183D72D1007FB05A /* BPPMainViewController.h */,
				4D784B0F183D72D1007FB05A /* BPPMainViewController.m */,
				863ED9401840608900AB7A6A /* BPPGalleryCell.h */,
				863ED9411840608900AB7A6A /* BPPGalleryCell.m */,
				863ED8A9183EC95B00AB7A6A /* EyeFi Responses */,
				4D784B00183D72D1007FB05A /* Supporting Files */,
			);
			path = PhotoPad;
			sourceTree = "<group>";
		};
		4D784B00183D72D1007FB05A /* Supporting Files */ = {
			isa = PBXGroup;
			children = (
				4D784B14183D72D1007FB05A /* Images.xcassets */,
				863ED8A2183DAC7800AB7A6A /* Settings.bundle */,
				4D784B01183D72D1007FB05A /* PhotoPad-Info.plist */,
				4D784B02183D72D1007FB05A /* InfoPlist.strings */,
				4D784B05183D72D1007FB05A /* main.m */,
				4D784B07183D72D1007FB05A /* PhotoPad-Prefix.pch */,
			);
			name = "Supporting Files";
			sourceTree = "<group>";
		};
		4D784B21183D72D1007FB05A /* PhotoPadTests */ = {
			isa = PBXGroup;
			children = (
				4D784B27183D72D1007FB05A /* PhotoPadTests.m */,
				4D784B22183D72D1007FB05A /* Supporting Files */,
			);
			path = PhotoPadTests;
			sourceTree = "<group>";
		};
		4D784B22183D72D1007FB05A /* Supporting Files */ = {
			isa = PBXGroup;
			children = (
				4D784B23183D72D1007FB05A /* PhotoPadTests-Info.plist */,
				4D784B24183D72D1007FB05A /* InfoPlist.strings */,
			);
			name = "Supporting Files";
			sourceTree = "<group>";
		};
		4D784B31183D7303007FB05A /* External */ = {
			isa = PBXGroup;
			children = (
				8627C8E51841573D00DA239D /* MTStatusBarOverlay.h */,
				8627C8E61841573D00DA239D /* MTStatusBarOverlay.m */,
				863ED8C6183F267300AB7A6A /* Extensions */,
				4D784B32183D730B007FB05A /* CocoaHTTPServer */,
				863ED8DF18403D1700AB7A6A /* MWPhotoBrowser */,
			);
			name = External;
			sourceTree = "<group>";
		};
		4D784B32183D730B007FB05A /* CocoaHTTPServer */ = {
			isa = PBXGroup;
			children = (
				4D784B33183D7319007FB05A /* Core */,
				4D784B5B183D7319007FB05A /* Vendor */,
			);
			name = CocoaHTTPServer;
			sourceTree = "<group>";
		};
		4D784B33183D7319007FB05A /* Core */ = {
			isa = PBXGroup;
			children = (
				4D784B34183D7319007FB05A /* Categories */,
				4D784B3B183D7319007FB05A /* HTTPAuthenticationRequest.h */,
				4D784B3C183D7319007FB05A /* HTTPAuthenticationRequest.m */,
				4D784B3D183D7319007FB05A /* HTTPConnection.h */,
				4D784B3E183D7319007FB05A /* HTTPConnection.m */,
				4D784B3F183D7319007FB05A /* HTTPLogging.h */,
				4D784B40183D7319007FB05A /* HTTPMessage.h */,
				4D784B41183D7319007FB05A /* HTTPMessage.m */,
				4D784B42183D7319007FB05A /* HTTPResponse.h */,
				4D784B43183D7319007FB05A /* HTTPServer.h */,
				4D784B44183D7319007FB05A /* HTTPServer.m */,
				4D784B45183D7319007FB05A /* Mime */,
				4D784B4C183D7319007FB05A /* Responses */,
				4D784B59183D7319007FB05A /* WebSocket.h */,
				4D784B5A183D7319007FB05A /* WebSocket.m */,
			);
			name = Core;
			path = ../CocoaHTTPServer/Core;
			sourceTree = "<group>";
		};
		4D784B34183D7319007FB05A /* Categories */ = {
			isa = PBXGroup;
			children = (
				4D784B35183D7319007FB05A /* DDData.h */,
				4D784B36183D7319007FB05A /* DDData.m */,
				4D784B37183D7319007FB05A /* DDNumber.h */,
				4D784B38183D7319007FB05A /* DDNumber.m */,
				4D784B39183D7319007FB05A /* DDRange.h */,
				4D784B3A183D7319007FB05A /* DDRange.m */,
			);
			path = Categories;
			sourceTree = "<group>";
		};
		4D784B45183D7319007FB05A /* Mime */ = {
			isa = PBXGroup;
			children = (
				4D784B46183D7319007FB05A /* MultipartFormDataParser.h */,
				4D784B47183D7319007FB05A /* MultipartFormDataParser.m */,
				4D784B48183D7319007FB05A /* MultipartMessageHeader.h */,
				4D784B49183D7319007FB05A /* MultipartMessageHeader.m */,
				4D784B4A183D7319007FB05A /* MultipartMessageHeaderField.h */,
				4D784B4B183D7319007FB05A /* MultipartMessageHeaderField.m */,
			);
			path = Mime;
			sourceTree = "<group>";
		};
		4D784B4C183D7319007FB05A /* Responses */ = {
			isa = PBXGroup;
			children = (
				4D784B4D183D7319007FB05A /* HTTPAsyncFileResponse.h */,
				4D784B4E183D7319007FB05A /* HTTPAsyncFileResponse.m */,
				4D784B4F183D7319007FB05A /* HTTPDataResponse.h */,
				4D784B50183D7319007FB05A /* HTTPDataResponse.m */,
				4D784B51183D7319007FB05A /* HTTPDynamicFileResponse.h */,
				4D784B52183D7319007FB05A /* HTTPDynamicFileResponse.m */,
				4D784B53183D7319007FB05A /* HTTPErrorResponse.h */,
				4D784B54183D7319007FB05A /* HTTPErrorResponse.m */,
				4D784B55183D7319007FB05A /* HTTPFileResponse.h */,
				4D784B56183D7319007FB05A /* HTTPFileResponse.m */,
				4D784B57183D7319007FB05A /* HTTPRedirectResponse.h */,
				4D784B58183D7319007FB05A /* HTTPRedirectResponse.m */,
			);
			path = Responses;
			sourceTree = "<group>";
		};
		4D784B5B183D7319007FB05A /* Vendor */ = {
			isa = PBXGroup;
			children = (
				4D784B5C183D7319007FB05A /* CocoaAsyncSocket */,
				4D784B60183D7319007FB05A /* CocoaLumberjack */,
			);
			name = Vendor;
			path = ../CocoaHTTPServer/Vendor;
			sourceTree = "<group>";
		};
		4D784B5C183D7319007FB05A /* CocoaAsyncSocket */ = {
			isa = PBXGroup;
			children = (
				4D784B5D183D7319007FB05A /* About.txt */,
				4D784B5E183D7319007FB05A /* GCDAsyncSocket.h */,
				4D784B5F183D7319007FB05A /* GCDAsyncSocket.m */,
			);
			path = CocoaAsyncSocket;
			sourceTree = "<group>";
		};
		4D784B60183D7319007FB05A /* CocoaLumberjack */ = {
			isa = PBXGroup;
			children = (
				4D784B61183D7319007FB05A /* About.txt */,
				4D784B62183D7319007FB05A /* DDAbstractDatabaseLogger.h */,
				4D784B63183D7319007FB05A /* DDAbstractDatabaseLogger.m */,
				4D784B64183D7319007FB05A /* DDASLLogger.h */,
				4D784B65183D7319007FB05A /* DDASLLogger.m */,
				4D784B66183D7319007FB05A /* DDFileLogger.h */,
				4D784B67183D7319007FB05A /* DDFileLogger.m */,
				4D784B68183D7319007FB05A /* DDLog.h */,
				4D784B69183D7319007FB05A /* DDLog.m */,
				4D784B6A183D7319007FB05A /* DDTTYLogger.h */,
				4D784B6B183D7319007FB05A /* DDTTYLogger.m */,
				4D784B6C183D7319007FB05A /* Extensions */,
			);
			path = CocoaLumberjack;
			sourceTree = "<group>";
		};
		4D784B6C183D7319007FB05A /* Extensions */ = {
			isa = PBXGroup;
			children = (
				4D784B6D183D7319007FB05A /* ContextFilterLogFormatter.h */,
				4D784B6E183D7319007FB05A /* ContextFilterLogFormatter.m */,
				4D784B6F183D7319007FB05A /* DispatchQueueLogFormatter.h */,
				4D784B70183D7319007FB05A /* DispatchQueueLogFormatter.m */,
				4D784B71183D7319007FB05A /* README.txt */,
			);
			path = Extensions;
			sourceTree = "<group>";
		};
		863ED8A9183EC95B00AB7A6A /* EyeFi Responses */ = {
			isa = PBXGroup;
			children = (
				863ED8A7183EC90000AB7A6A /* StartSession.xml */,
				863ED8C2183F0BBA00AB7A6A /* GetPhotoStatus.xml */,
				863ED8C4183F1FEA00AB7A6A /* UploadPhoto.xml */,
			);
			name = "EyeFi Responses";
			sourceTree = "<group>";
		};
		863ED8C6183F267300AB7A6A /* Extensions */ = {
			isa = PBXGroup;
			children = (
				863ED8A4183DB66000AB7A6A /* UIColor+Hex.h */,
				863ED8A5183DB66000AB7A6A /* UIColor+Hex.m */,
				863ED8BC183F087A00AB7A6A /* NSData+MD5.h */,
				863ED8BD183F087A00AB7A6A /* NSData+MD5.m */,
				863ED8BE183F087A00AB7A6A /* NSString+MD5.h */,
				863ED8BF183F087A00AB7A6A /* NSString+MD5.m */,
				863ED8B3183EF60200AB7A6A /* NSString+Hex.h */,
				863ED8B4183EF60200AB7A6A /* NSString+Hex.m */,
				863ED9371840502100AB7A6A /* NSFileManager+Tar.h */,
				863ED9381840502100AB7A6A /* NSFileManager+Tar.m */,
				863ED93A1840532500AB7A6A /* NSFileManager+EyeFi.h */,
				863ED93B1840532500AB7A6A /* NSFileManager+EyeFi.m */,
			);
			name = Extensions;
			path = PhotoPad;
			sourceTree = "<group>";
		};
		863ED8DF18403D1700AB7A6A /* MWPhotoBrowser */ = {
			isa = PBXGroup;
			children = (
				863ED8E018403D1700AB7A6A /* Classes */,
				863ED8EF18403D1700AB7A6A /* Libraries */,
				863ED91718403D1700AB7A6A /* MWPhotoBrowser.bundle */,
			);
			name = MWPhotoBrowser;
			path = ../MWPhotoBrowser/MWPhotoBrowser;
			sourceTree = "<group>";
		};
		863ED8E018403D1700AB7A6A /* Classes */ = {
			isa = PBXGroup;
			children = (
				863ED8E118403D1700AB7A6A /* MWCaptionView.h */,
				863ED8E218403D1700AB7A6A /* MWCaptionView.m */,
				863ED8E318403D1700AB7A6A /* MWCommon.h */,
				863ED8E418403D1700AB7A6A /* MWPhoto.h */,
				863ED8E518403D1700AB7A6A /* MWPhoto.m */,
				863ED8E618403D1700AB7A6A /* MWPhotoBrowser.h */,
				863ED8E718403D1700AB7A6A /* MWPhotoBrowser.m */,
				863ED8E818403D1700AB7A6A /* MWPhotoProtocol.h */,
				863ED8E918403D1700AB7A6A /* MWTapDetectingImageView.h */,
				863ED8EA18403D1700AB7A6A /* MWTapDetectingImageView.m */,
				863ED8EB18403D1700AB7A6A /* MWTapDetectingView.h */,
				863ED8EC18403D1700AB7A6A /* MWTapDetectingView.m */,
				863ED8ED18403D1700AB7A6A /* MWZoomingScrollView.h */,
				863ED8EE18403D1700AB7A6A /* MWZoomingScrollView.m */,
			);
			path = Classes;
			sourceTree = "<group>";
		};
		863ED8EF18403D1700AB7A6A /* Libraries */ = {
			isa = PBXGroup;
			children = (
				863ED8F018403D1700AB7A6A /* DACircularProgress */,
				863ED8F318403D1700AB7A6A /* MBProgressHUD */,
				863ED8F718403D1700AB7A6A /* SDWebImage */,
			);
			path = Libraries;
			sourceTree = "<group>";
		};
		863ED8F018403D1700AB7A6A /* DACircularProgress */ = {
			isa = PBXGroup;
			children = (
				863ED8F118403D1700AB7A6A /* DACircularProgressView.h */,
				863ED8F218403D1700AB7A6A /* DACircularProgressView.m */,
			);
			path = DACircularProgress;
			sourceTree = "<group>";
		};
		863ED8F318403D1700AB7A6A /* MBProgressHUD */ = {
			isa = PBXGroup;
			children = (
				863ED8F418403D1700AB7A6A /* MBProgressHUD.h */,
				863ED8F518403D1700AB7A6A /* MBProgressHUD.m */,
				863ED8F618403D1700AB7A6A /* README.mdown */,
			);
			path = MBProgressHUD;
			sourceTree = "<group>";
		};
		863ED8F718403D1700AB7A6A /* SDWebImage */ = {
			isa = PBXGroup;
			children = (
				863ED8F818403D1700AB7A6A /* LICENSE */,
				863ED8F918403D1700AB7A6A /* README.md */,
				863ED8FA18403D1700AB7A6A /* SDWebImage */,
			);
			path = SDWebImage;
			sourceTree = "<group>";
		};
		863ED8FA18403D1700AB7A6A /* SDWebImage */ = {
			isa = PBXGroup;
			children = (
				863ED8FB18403D1700AB7A6A /* NSData+GIF.h */,
				863ED8FC18403D1700AB7A6A /* NSData+GIF.m */,
				863ED8FD18403D1700AB7A6A /* SDImageCache.h */,
				863ED8FE18403D1700AB7A6A /* SDImageCache.m */,
				863ED8FF18403D1700AB7A6A /* SDWebImageCompat.h */,
				863ED90018403D1700AB7A6A /* SDWebImageCompat.m */,
				863ED90118403D1700AB7A6A /* SDWebImageDecoder.h */,
				863ED90218403D1700AB7A6A /* SDWebImageDecoder.m */,
				863ED90318403D1700AB7A6A /* SDWebImageDownloader.h */,
				863ED90418403D1700AB7A6A /* SDWebImageDownloader.m */,
				863ED90518403D1700AB7A6A /* SDWebImageDownloaderOperation.h */,
				863ED90618403D1700AB7A6A /* SDWebImageDownloaderOperation.m */,
				863ED90718403D1700AB7A6A /* SDWebImageManager.h */,
				863ED90818403D1700AB7A6A /* SDWebImageManager.m */,
				863ED90918403D1700AB7A6A /* SDWebImageOperation.h */,
				863ED90A18403D1700AB7A6A /* SDWebImagePrefetcher.h */,
				863ED90B18403D1700AB7A6A /* SDWebImagePrefetcher.m */,
				863ED90C18403D1700AB7A6A /* UIButton+WebCache.h */,
				863ED90D18403D1700AB7A6A /* UIButton+WebCache.m */,
				863ED90E18403D1700AB7A6A /* UIImage+GIF.h */,
				863ED90F18403D1700AB7A6A /* UIImage+GIF.m */,
				863ED91018403D1700AB7A6A /* UIImage+MultiFormat.h */,
				863ED91118403D1700AB7A6A /* UIImage+MultiFormat.m */,
				863ED91218403D1700AB7A6A /* UIImage+WebP.h */,
				863ED91318403D1700AB7A6A /* UIImage+WebP.m */,
				863ED91418403D1700AB7A6A /* UIImageView+WebCache.h */,
				863ED91518403D1700AB7A6A /* UIImageView+WebCache.m */,
			);
			path = SDWebImage;
			sourceTree = "<group>";
		};
/* End PBXGroup section */

/* Begin PBXNativeTarget section */
		4D784AF5183D72D0007FB05A /* PhotoPad */ = {
			isa = PBXNativeTarget;
			buildConfigurationList = 4D784B2B183D72D1007FB05A /* Build configuration list for PBXNativeTarget "PhotoPad" */;
			buildPhases = (
				4D784AF2183D72D0007FB05A /* Sources */,
				4D784AF3183D72D0007FB05A /* Frameworks */,
				4D784AF4183D72D0007FB05A /* Resources */,
			);
			buildRules = (
			);
			dependencies = (
			);
			name = PhotoPad;
			productName = PhotoPad;
			productReference = 4D784AF6183D72D0007FB05A /* PhotoPad.app */;
			productType = "com.apple.product-type.application";
		};
		4D784B19183D72D1007FB05A /* PhotoPadTests */ = {
			isa = PBXNativeTarget;
			buildConfigurationList = 4D784B2E183D72D1007FB05A /* Build configuration list for PBXNativeTarget "PhotoPadTests" */;
			buildPhases = (
				4D784B16183D72D1007FB05A /* Sources */,
				4D784B17183D72D1007FB05A /* Frameworks */,
				4D784B18183D72D1007FB05A /* Resources */,
			);
			buildRules = (
			);
			dependencies = (
				4D784B20183D72D1007FB05A /* PBXTargetDependency */,
			);
			name = PhotoPadTests;
			productName = PhotoPadTests;
			productReference = 4D784B1A183D72D1007FB05A /* PhotoPadTests.xctest */;
			productType = "com.apple.product-type.bundle.unit-test";
		};
/* End PBXNativeTarget section */

/* Begin PBXProject section */
		4D784AEE183D72D0007FB05A /* Project object */ = {
			isa = PBXProject;
			attributes = {
				CLASSPREFIX = BPP;
				LastUpgradeCheck = 0500;
				ORGANIZATIONNAME = "Albert Martin";
				TargetAttributes = {
					4D784AF5183D72D0007FB05A = {
						DevelopmentTeam = U75VHY3KM8;
					};
					4D784B19183D72D1007FB05A = {
						TestTargetID = 4D784AF5183D72D0007FB05A;
					};
				};
			};
			buildConfigurationList = 4D784AF1183D72D0007FB05A /* Build configuration list for PBXProject "PhotoPad" */;
			compatibilityVersion = "Xcode 3.2";
			developmentRegion = English;
			hasScannedForEncodings = 0;
			knownRegions = (
				en,
				Base,
			);
			mainGroup = 4D784AED183D72D0007FB05A;
			productRefGroup = 4D784AF7183D72D0007FB05A /* Products */;
			projectDirPath = "";
			projectRoot = "";
			targets = (
				4D784AF5183D72D0007FB05A /* PhotoPad */,
				4D784B19183D72D1007FB05A /* PhotoPadTests */,
			);
		};
/* End PBXProject section */

/* Begin PBXResourcesBuildPhase section */
		4D784AF4183D72D0007FB05A /* Resources */ = {
			isa = PBXResourcesBuildPhase;
			buildActionMask = 2147483647;
			files = (
				4D784B0D183D72D1007FB05A /* Main.storyboard in Resources */,
				4D784B15183D72D1007FB05A /* Images.xcassets in Resources */,
				4D784B04183D72D1007FB05A /* InfoPlist.strings in Resources */,
				863ED8C3183F0BBA00AB7A6A /* GetPhotoStatus.xml in Resources */,
				863ED8C5183F1FEA00AB7A6A /* UploadPhoto.xml in Resources */,
				863ED8A8183EC90000AB7A6A /* StartSession.xml in Resources */,
				863ED93318403D1700AB7A6A /* MWPhotoBrowser.bundle in Resources */,
				863ED8A3183DAC7800AB7A6A /* Settings.bundle in Resources */,
			);
			runOnlyForDeploymentPostprocessing = 0;
		};
		4D784B18183D72D1007FB05A /* Resources */ = {
			isa = PBXResourcesBuildPhase;
			buildActionMask = 2147483647;
			files = (
				4D784B26183D72D1007FB05A /* InfoPlist.strings in Resources */,
			);
			runOnlyForDeploymentPostprocessing = 0;
		};
/* End PBXResourcesBuildPhase section */

/* Begin PBXSourcesBuildPhase section */
		4D784AF2183D72D0007FB05A /* Sources */ = {
			isa = PBXSourcesBuildPhase;
			buildActionMask = 2147483647;
			files = (
				4D784B06183D72D1007FB05A /* main.m in Sources */,
				4D784B7F183D7319007FB05A /* HTTPErrorResponse.m in Sources */,
				4D784B76183D7319007FB05A /* HTTPConnection.m in Sources */,
				8627C8E71841573D00DA239D /* MTStatusBarOverlay.m in Sources */,
				4D784B10183D72D1007FB05A /* BPPMainViewController.m in Sources */,
				4D784B74183D7319007FB05A /* DDRange.m in Sources */,
				4D784B7A183D7319007FB05A /* MultipartMessageHeader.m in Sources */,
				4D784B7E183D7319007FB05A /* HTTPDynamicFileResponse.m in Sources */,
				4D784B86183D7319007FB05A /* DDAbstractDatabaseLogger.m in Sources */,
				4D784B87183D7319007FB05A /* DDASLLogger.m in Sources */,
				863ED9391840502100AB7A6A /* NSFileManager+Tar.m in Sources */,
				863ED92E18403D1700AB7A6A /* UIButton+WebCache.m in Sources */,
				863ED8A6183DB66000AB7A6A /* UIColor+Hex.m in Sources */,
				863ED93C1840532500AB7A6A /* NSFileManager+EyeFi.m in Sources */,
				4D784B7C183D7319007FB05A /* HTTPAsyncFileResponse.m in Sources */,
				863ED92918403D1700AB7A6A /* SDWebImageDecoder.m in Sources */,
				4D784B7D183D7319007FB05A /* HTTPDataResponse.m in Sources */,
				863ED9421840608900AB7A6A /* BPPGalleryCell.m in Sources */,
				4D784B78183D7319007FB05A /* HTTPServer.m in Sources */,
				4D784B8A183D7319007FB05A /* DDTTYLogger.m in Sources */,
				4D784B8C183D7319007FB05A /* DispatchQueueLogFormatter.m in Sources */,
				863ED91E18403D1700AB7A6A /* MWTapDetectingImageView.m in Sources */,
				863ED93218403D1700AB7A6A /* UIImageView+WebCache.m in Sources */,
				863ED92C18403D1700AB7A6A /* SDWebImageManager.m in Sources */,
				863ED91B18403D1700AB7A6A /* MWCaptionView.m in Sources */,
				4D784B73183D7319007FB05A /* DDNumber.m in Sources */,
				4D784B0A183D72D1007FB05A /* BPPAppDelegate.m in Sources */,
				863ED92818403D1700AB7A6A /* SDWebImageCompat.m in Sources */,
				863ED92718403D1700AB7A6A /* SDImageCache.m in Sources */,
				863ED92118403D1700AB7A6A /* DACircularProgressView.m in Sources */,
				863ED92D18403D1700AB7A6A /* SDWebImagePrefetcher.m in Sources */,
				4D784B8B183D7319007FB05A /* ContextFilterLogFormatter.m in Sources */,
				863ED92018403D1700AB7A6A /* MWZoomingScrollView.m in Sources */,
				4D784B7B183D7319007FB05A /* MultipartMessageHeaderField.m in Sources */,
				4D784B72183D7319007FB05A /* DDData.m in Sources */,
				4D784B77183D7319007FB05A /* HTTPMessage.m in Sources */,
				4D784B79183D7319007FB05A /* MultipartFormDataParser.m in Sources */,
				863ED93118403D1700AB7A6A /* UIImage+WebP.m in Sources */,
				4D784B90183D7348007FB05A /* BPPEyeFiConnector.m in Sources */,
				863ED93018403D1700AB7A6A /* UIImage+MultiFormat.m in Sources */,
				863ED92F18403D1700AB7A6A /* UIImage+GIF.m in Sources */,
				863ED91F18403D1700AB7A6A /* MWTapDetectingView.m in Sources */,
				863ED8A1183D973200AB7A6A /* BPPEyeFiResponseParse.m in Sources */,
				863ED92218403D1700AB7A6A /* MBProgressHUD.m in Sources */,
				863ED92618403D1700AB7A6A /* NSData+GIF.m in Sources */,
				863ED91C18403D1700AB7A6A /* MWPhoto.m in Sources */,
				4D784B88183D7319007FB05A /* DDFileLogger.m in Sources */,
				4D784B89183D7319007FB05A /* DDLog.m in Sources */,
				4D784B82183D7319007FB05A /* WebSocket.m in Sources */,
				863ED92B18403D1700AB7A6A /* SDWebImageDownloaderOperation.m in Sources */,
				863ED8C0183F087A00AB7A6A /* NSData+MD5.m in Sources */,
				863ED92A18403D1700AB7A6A /* SDWebImageDownloader.m in Sources */,
				863ED8C1183F087A00AB7A6A /* NSString+MD5.m in Sources */,
				4D784B80183D7319007FB05A /* HTTPFileResponse.m in Sources */,
				4D784B81183D7319007FB05A /* HTTPRedirectResponse.m in Sources */,
				863ED8B5183EF60200AB7A6A /* NSString+Hex.m in Sources */,
				4D784B84183D7319007FB05A /* GCDAsyncSocket.m in Sources */,
				4D784B75183D7319007FB05A /* HTTPAuthenticationRequest.m in Sources */,
				863ED91D18403D1700AB7A6A /* MWPhotoBrowser.m in Sources */,
			);
			runOnlyForDeploymentPostprocessing = 0;
		};
		4D784B16183D72D1007FB05A /* Sources */ = {
			isa = PBXSourcesBuildPhase;
			buildActionMask = 2147483647;
			files = (
				4D784B28183D72D1007FB05A /* PhotoPadTests.m in Sources */,
			);
			runOnlyForDeploymentPostprocessing = 0;
		};
/* End PBXSourcesBuildPhase section */

/* Begin PBXTargetDependency section */
		4D784B20183D72D1007FB05A /* PBXTargetDependency */ = {
			isa = PBXTargetDependency;
			target = 4D784AF5183D72D0007FB05A /* PhotoPad */;
			targetProxy = 4D784B1F183D72D1007FB05A /* PBXContainerItemProxy */;
		};
/* End PBXTargetDependency section */

/* Begin PBXVariantGroup section */
		4D784B02183D72D1007FB05A /* InfoPlist.strings */ = {
			isa = PBXVariantGroup;
			children = (
				4D784B03183D72D1007FB05A /* en */,
			);
			name = InfoPlist.strings;
			sourceTree = "<group>";
		};
		4D784B0B183D72D1007FB05A /* Main.storyboard */ = {
			isa = PBXVariantGroup;
			children = (
				4D784B0C183D72D1007FB05A /* Base */,
			);
			name = Main.storyboard;
			sourceTree = "<group>";
		};
		4D784B24183D72D1007FB05A /* InfoPlist.strings */ = {
			isa = PBXVariantGroup;
			children = (
				4D784B25183D72D1007FB05A /* en */,
			);
			name = InfoPlist.strings;
			sourceTree = "<group>";
		};
/* End PBXVariantGroup section */

/* Begin XCBuildConfiguration section */
		4D784B29183D72D1007FB05A /* Debug */ = {
			isa = XCBuildConfiguration;
			buildSettings = {
				ALWAYS_SEARCH_USER_PATHS = NO;
				ARCHS = "$(ARCHS_STANDARD_INCLUDING_64_BIT)";
				CLANG_CXX_LANGUAGE_STANDARD = "gnu++0x";
				CLANG_CXX_LIBRARY = "libc++";
				CLANG_ENABLE_MODULES = YES;
				CLANG_ENABLE_OBJC_ARC = YES;
				CLANG_WARN_BOOL_CONVERSION = YES;
				CLANG_WARN_CONSTANT_CONVERSION = YES;
				CLANG_WARN_DIRECT_OBJC_ISA_USAGE = YES_ERROR;
				CLANG_WARN_EMPTY_BODY = YES;
				CLANG_WARN_ENUM_CONVERSION = YES;
				CLANG_WARN_INT_CONVERSION = YES;
				CLANG_WARN_OBJC_ROOT_CLASS = YES_ERROR;
				CLANG_WARN__DUPLICATE_METHOD_MATCH = YES;
				"CODE_SIGN_IDENTITY[sdk=iphoneos*]" = "iPhone Developer";
				COPY_PHASE_STRIP = NO;
				GCC_C_LANGUAGE_STANDARD = gnu99;
				GCC_DYNAMIC_NO_PIC = NO;
				GCC_OPTIMIZATION_LEVEL = 0;
				GCC_PREPROCESSOR_DEFINITIONS = (
					"DEBUG=1",
					"$(inherited)",
				);
				GCC_SYMBOLS_PRIVATE_EXTERN = NO;
				GCC_WARN_64_TO_32_BIT_CONVERSION = YES;
				GCC_WARN_ABOUT_RETURN_TYPE = YES_ERROR;
				GCC_WARN_UNDECLARED_SELECTOR = YES;
				GCC_WARN_UNINITIALIZED_AUTOS = YES;
				GCC_WARN_UNUSED_FUNCTION = YES;
				GCC_WARN_UNUSED_VARIABLE = YES;
				IPHONEOS_DEPLOYMENT_TARGET = 7.0;
				ONLY_ACTIVE_ARCH = YES;
				SDKROOT = iphoneos;
				TARGETED_DEVICE_FAMILY = 2;
			};
			name = Debug;
		};
		4D784B2A183D72D1007FB05A /* Release */ = {
			isa = XCBuildConfiguration;
			buildSettings = {
				ALWAYS_SEARCH_USER_PATHS = NO;
				ARCHS = "$(ARCHS_STANDARD_INCLUDING_64_BIT)";
				CLANG_CXX_LANGUAGE_STANDARD = "gnu++0x";
				CLANG_CXX_LIBRARY = "libc++";
				CLANG_ENABLE_MODULES = YES;
				CLANG_ENABLE_OBJC_ARC = YES;
				CLANG_WARN_BOOL_CONVERSION = YES;
				CLANG_WARN_CONSTANT_CONVERSION = YES;
				CLANG_WARN_DIRECT_OBJC_ISA_USAGE = YES_ERROR;
				CLANG_WARN_EMPTY_BODY = YES;
				CLANG_WARN_ENUM_CONVERSION = YES;
				CLANG_WARN_INT_CONVERSION = YES;
				CLANG_WARN_OBJC_ROOT_CLASS = YES_ERROR;
				CLANG_WARN__DUPLICATE_METHOD_MATCH = YES;
				"CODE_SIGN_IDENTITY[sdk=iphoneos*]" = "iPhone Developer";
				COPY_PHASE_STRIP = YES;
				ENABLE_NS_ASSERTIONS = NO;
				GCC_C_LANGUAGE_STANDARD = gnu99;
				GCC_WARN_64_TO_32_BIT_CONVERSION = YES;
				GCC_WARN_ABOUT_RETURN_TYPE = YES_ERROR;
				GCC_WARN_UNDECLARED_SELECTOR = YES;
				GCC_WARN_UNINITIALIZED_AUTOS = YES;
				GCC_WARN_UNUSED_FUNCTION = YES;
				GCC_WARN_UNUSED_VARIABLE = YES;
				IPHONEOS_DEPLOYMENT_TARGET = 7.0;
				SDKROOT = iphoneos;
				TARGETED_DEVICE_FAMILY = 2;
				VALIDATE_PRODUCT = YES;
			};
			name = Release;
		};
		4D784B2C183D72D1007FB05A /* Debug */ = {
			isa = XCBuildConfiguration;
			buildSettings = {
				ALWAYS_SEARCH_USER_PATHS = NO;
				ASSETCATALOG_COMPILER_APPICON_NAME = AppIcon;
				ASSETCATALOG_COMPILER_LAUNCHIMAGE_NAME = LaunchImage;
				CODE_SIGN_IDENTITY = "iPhone Developer";
				"CODE_SIGN_IDENTITY[sdk=iphoneos*]" = "iPhone Developer";
				GCC_PRECOMPILE_PREFIX_HEADER = YES;
				GCC_PREFIX_HEADER = "PhotoPad/PhotoPad-Prefix.pch";
				INFOPLIST_FILE = "PhotoPad/PhotoPad-Info.plist";
				PRODUCT_NAME = "$(TARGET_NAME)";
				PROVISIONING_PROFILE = "";
				USER_HEADER_SEARCH_PATHS = "";
				WRAPPER_EXTENSION = app;
			};
			name = Debug;
		};
		4D784B2D183D72D1007FB05A /* Release */ = {
			isa = XCBuildConfiguration;
			buildSettings = {
				ALWAYS_SEARCH_USER_PATHS = NO;
				ASSETCATALOG_COMPILER_APPICON_NAME = AppIcon;
				ASSETCATALOG_COMPILER_LAUNCHIMAGE_NAME = LaunchImage;
				CODE_SIGN_IDENTITY = "iPhone Developer";
				"CODE_SIGN_IDENTITY[sdk=iphoneos*]" = "iPhone Developer";
				GCC_PRECOMPILE_PREFIX_HEADER = YES;
				GCC_PREFIX_HEADER = "PhotoPad/PhotoPad-Prefix.pch";
				INFOPLIST_FILE = "PhotoPad/PhotoPad-Info.plist";
				PRODUCT_NAME = "$(TARGET_NAME)";
				PROVISIONING_PROFILE = "";
				USER_HEADER_SEARCH_PATHS = "";
				WRAPPER_EXTENSION = app;
			};
			name = Release;
		};
		4D784B2F183D72D1007FB05A /* Debug */ = {
			isa = XCBuildConfiguration;
			buildSettings = {
				ARCHS = "$(ARCHS_STANDARD_INCLUDING_64_BIT)";
				BUNDLE_LOADER = "$(BUILT_PRODUCTS_DIR)/PhotoPad.app/PhotoPad";
				FRAMEWORK_SEARCH_PATHS = (
					"$(SDKROOT)/Developer/Library/Frameworks",
					"$(inherited)",
					"$(DEVELOPER_FRAMEWORKS_DIR)",
				);
				GCC_PRECOMPILE_PREFIX_HEADER = YES;
				GCC_PREFIX_HEADER = "PhotoPad/PhotoPad-Prefix.pch";
				GCC_PREPROCESSOR_DEFINITIONS = (
					"DEBUG=1",
					"$(inherited)",
				);
				INFOPLIST_FILE = "PhotoPadTests/PhotoPadTests-Info.plist";
				PRODUCT_NAME = "$(TARGET_NAME)";
				TEST_HOST = "$(BUNDLE_LOADER)";
				WRAPPER_EXTENSION = xctest;
			};
			name = Debug;
		};
		4D784B30183D72D1007FB05A /* Release */ = {
			isa = XCBuildConfiguration;
			buildSettings = {
				ARCHS = "$(ARCHS_STANDARD_INCLUDING_64_BIT)";
				BUNDLE_LOADER = "$(BUILT_PRODUCTS_DIR)/PhotoPad.app/PhotoPad";
				FRAMEWORK_SEARCH_PATHS = (
					"$(SDKROOT)/Developer/Library/Frameworks",
					"$(inherited)",
					"$(DEVELOPER_FRAMEWORKS_DIR)",
				);
				GCC_PRECOMPILE_PREFIX_HEADER = YES;
				GCC_PREFIX_HEADER = "PhotoPad/PhotoPad-Prefix.pch";
				INFOPLIST_FILE = "PhotoPadTests/PhotoPadTests-Info.plist";
				PRODUCT_NAME = "$(TARGET_NAME)";
				TEST_HOST = "$(BUNDLE_LOADER)";
				WRAPPER_EXTENSION = xctest;
			};
			name = Release;
		};
/* End XCBuildConfiguration section */

/* Begin XCConfigurationList section */
		4D784AF1183D72D0007FB05A /* Build configuration list for PBXProject "PhotoPad" */ = {
			isa = XCConfigurationList;
			buildConfigurations = (
				4D784B29183D72D1007FB05A /* Debug */,
				4D784B2A183D72D1007FB05A /* Release */,
			);
			defaultConfigurationIsVisible = 0;
			defaultConfigurationName = Release;
		};
		4D784B2B183D72D1007FB05A /* Build configuration list for PBXNativeTarget "PhotoPad" */ = {
			isa = XCConfigurationList;
			buildConfigurations = (
				4D784B2C183D72D1007FB05A /* Debug */,
				4D784B2D183D72D1007FB05A /* Release */,
			);
			defaultConfigurationIsVisible = 0;
			defaultConfigurationName = Release;
		};
		4D784B2E183D72D1007FB05A /* Build configuration list for PBXNativeTarget "PhotoPadTests" */ = {
			isa = XCConfigurationList;
			buildConfigurations = (
				4D784B2F183D72D1007FB05A /* Debug */,
				4D784B30183D72D1007FB05A /* Release */,
			);
			defaultConfigurationIsVisible = 0;
			defaultConfigurationName = Release;
		};
/* End XCConfigurationList section */
	};
	rootObject = 4D784AEE183D72D0007FB05A /* Project object */;
}
